
Microsoft Visual Studio Solution File, Format Version 12.00
# Visual Studio Version 16
VisualStudioVersion = 16.0.30413.136
MinimumVisualStudioVersion = 10.0.40219.1
Project("{FAE04EC0-301F-11D3-BF4B-00C04F79EFBC}") = "Valgusfoor_Rolan.Android", "Valgusfoor_Rolan.Android\Valgusfoor_Rolan.Android.csproj", "{A94555B2-3099-49C8-A042-A1E11BE43FA2}"
EndProject
Project("{FAE04EC0-301F-11D3-BF4B-00C04F79EFBC}") = "Valgusfoor_Rolan", "Valgusfoor_Rolan\Valgusfoor_Rolan.csproj", "{A9EA0CA3-33C8-45DB-9EF5-E5D606F365A0}"
EndProject
Global
	GlobalSection(SolutionConfigurationPlatforms) = preSolution
		Debug|Any CPU = Debug|Any CPU
		Release|Any CPU = Release|Any CPU
	EndGlobalSection
	GlobalSection(ProjectConfigurationPlatforms) = postSolution
		{A94555B2-3099-49C8-A042-A1E11BE43FA2}.Debug|Any CPU.ActiveCfg = Debug|Any CPU
		{A94555B2-3099-49C8-A042-A1E11BE43FA2}.Debug|Any CPU.Build.0 = Debug|Any CPU
		{A94555B2-3099-49C8-A042-A1E11BE43FA2}.Debug|Any CPU.Deploy.0 = Debug|Any CPU
		{A94555B2-3099-49C8-A042-A1E11BE43FA2}.Release|Any CPU.ActiveCfg = Release|Any CPU
		{A94555B2-3099-49C8-A042-A1E11BE43FA2}.Release|Any CPU.Build.0 = Release|Any CPU
		{A94555B2-3099-49C8-A042-A1E11BE43FA2}.Release|Any CPU.Deploy.0 = Release|Any CPU
		{A9EA0CA3-33C8-45DB-9EF5-E5D606F365A0}.Debug|Any CPU.ActiveCfg = Debug|Any CPU
		{A9EA0CA3-33C8-45DB-9EF5-E5D606F365A0}.Debug|Any CPU.Build.0 = Debug|Any CPU
		{A9EA0CA3-33C8-45DB-9EF5-E5D606F365A0}.Debug|Any CPU.Deploy.0 = Debug|Any CPU
		{A9EA0CA3-33C8-45DB-9EF5-E5D606F365A0}.Release|Any CPU.ActiveCfg = Release|Any CPU
		{A9EA0CA3-33C8-45DB-9EF5-E5D606F365A0}.Release|Any CPU.Build.0 = Release|Any CPU
		{A9EA0CA3-33C8-45DB-9EF5-E5D606F365A0}.Release|Any CPU.Deploy.0 = Release|Any CPU
	EndGlobalSection
	GlobalSection(SolutionProperties) = preSolution
		HideSolutionNode = FALSE
	EndGlobalSection
	GlobalSection(ExtensibilityGlobals) = postSolution
		SolutionGuid = {1586026B-9AE6-4EFA-8818-81FD57DE64F7}
	EndGlobalSection
EndGlobal
